
Microsoft Visual Studio Solution File, Format Version 12.00
# Visual Studio Version 17
VisualStudioVersion = 17.13.35913.81 d17.13
MinimumVisualStudioVersion = 10.0.40219.1
Project("{FAE04EC0-301F-11D3-BF4B-00C04F79EFBC}") = "GS-CSharp", "GS-CSharp\GS-CSharp.csproj", "{267F2DDE-E0A3-4F1C-8EA6-800448C6DA05}"
EndProject
Global
	GlobalSection(SolutionConfigurationPlatforms) = preSolution
		Debug|Any CPU = Debug|Any CPU
		Release|Any CPU = Release|Any CPU
	EndGlobalSection
	GlobalSection(ProjectConfigurationPlatforms) = postSolution
		{267F2DDE-E0A3-4F1C-8EA6-800448C6DA05}.Debug|Any CPU.ActiveCfg = Debug|Any CPU
		{267F2DDE-E0A3-4F1C-8EA6-800448C6DA05}.Debug|Any CPU.Build.0 = Debug|Any CPU
		{267F2DDE-E0A3-4F1C-8EA6-800448C6DA05}.Release|Any CPU.ActiveCfg = Release|Any CPU
		{267F2DDE-E0A3-4F1C-8EA6-800448C6DA05}.Release|Any CPU.Build.0 = Release|Any CPU
	EndGlobalSection
	GlobalSection(SolutionProperties) = preSolution
		HideSolutionNode = FALSE
	EndGlobalSection
	GlobalSection(ExtensibilityGlobals) = postSolution
		SolutionGuid = {D37D7AA8-9432-4DF6-8D45-7D63D4DBD5D9}
	EndGlobalSection
EndGlobal
